{
  "nodes": {
    "jetpack": {
      "inputs": {
        "nixpkgs": [
          "nixpkgs"
        ]
      },
      "locked": {
        "lastModified": 1756928588,
        "narHash": "sha256-T+epWovnsdW9+qtjb4uOHQxP3CfaR4gi9MGx+c8dFAg=",
        "owner": "anduril",
        "repo": "jetpack-nixos",
        "rev": "6d5a1ec925fc71a5cdf319a8ee6168cc94417388",
        "type": "github"
      },
      "original": {
        "owner": "anduril",
        "ref": "master",
        "repo": "jetpack-nixos",
        "type": "github"
      }
    },
    "nixpkgs": {
      "locked": {
        "lastModified": 1756886854,
        "narHash": "sha256-6tooT142NLcFjt24Gi4B0G1pgWLvfw7y93sYEfSHlLI=",
        "owner": "NixOS",
        "repo": "nixpkgs",
        "rev": "0e6684e6c5755325f801bda1751a8a4038145d7d",
        "type": "github"
      },
      "original": {
        "owner": "NixOS",
        "ref": "nixos-25.05",
        "repo": "nixpkgs",
        "type": "github"
      }
    },
    "root": {
      "inputs": {
        "jetpack": "jetpack",
        "nixpkgs": "nixpkgs"
      }
    }
  },
  "root": "root",
  "version": 7
}
